<?xml version="1.0" encoding="utf-8"?>
<Project ToolsVersion="4.0" xmlns="http://schemas.microsoft.com/developer/msbuild/2003">
  <ItemGroup>
    <Filter Include="Source">
      <UniqueIdentifier>{c9e64b02-0407-4ebb-8e06-8ff1f94f179c}</UniqueIdentifier>
    </Filter>
    <Filter Include="Header">
      <UniqueIdentifier>{0fb8f46f-198d-42e1-80af-4e869bbf0bbe}</UniqueIdentifier>
    </Filter>
    <Filter Include="ThirdParty">
      <UniqueIdentifier>{fa926c61-5d37-4d0f-8bdf-e48090e7f5bb}</UniqueIdentifier>
    </Filter>
    <Filter Include="Shaders">
      <UniqueIdentifier>{0cbafa0d-4b57-46e4-b439-3946931fdaf2}</UniqueIdentifier>
    </Filter>
  </ItemGroup>
  <ItemGroup>
    <ClCompile Include="Source\main.cpp">
      <Filter>Source</Filter>
    </ClCompile>
    <ClCompile Include="ThirdParty\glad\src\glad.c">
      <Filter>ThirdParty</Filter>
    </ClCompile>
    <ClCompile Include="Source\Shader.cpp">
      <Filter>Source</Filter>
    </ClCompile>
    <ClCompile Include="Model.cpp" />
  </ItemGroup>
  <ItemGroup>
    <None Include="Shaders\vertexShader.glsl">
      <Filter>Shaders</Filter>
    </None>
    <None Include="Shaders\fragmentShader.glsl">
      <Filter>Shaders</Filter>
    </None>
    <None Include="Shaders\fragmentShaderRed.glsl">
      <Filter>Shaders</Filter>
    </None>
  </ItemGroup>
  <ItemGroup>
    <ClInclude Include="Source\Shader.h">
      <Filter>Source</Filter>
    </ClInclude>
    <ClInclude Include="Source\Cube.h">
      <Filter>Source</Filter>
    </ClInclude>
    <ClInclude Include="Model.h" />
  </ItemGroup>
</Project>